
Microsoft Visual Studio Solution File, Format Version 12.00
# Visual Studio Version 16
VisualStudioVersion = 16.0.30517.126
MinimumVisualStudioVersion = 10.0.40219.1
Project("{FAE04EC0-301F-11D3-BF4B-00C04F79EFBC}") = "Calc1.0", "Calc1.0\Calc1.0.csproj", "{4BF7CAF5-DB17-45BD-B915-2E4B51AD5340}"
EndProject
Project("{FAE04EC0-301F-11D3-BF4B-00C04F79EFBC}") = "Operazioni", "Operazioni\Operazioni.csproj", "{60968190-4E94-4B8D-97DD-28FC74030869}"
EndProject
Global
	GlobalSection(SolutionConfigurationPlatforms) = preSolution
		Debug|Any CPU = Debug|Any CPU
		Release|Any CPU = Release|Any CPU
	EndGlobalSection
	GlobalSection(ProjectConfigurationPlatforms) = postSolution
		{4BF7CAF5-DB17-45BD-B915-2E4B51AD5340}.Debug|Any CPU.ActiveCfg = Debug|Any CPU
		{4BF7CAF5-DB17-45BD-B915-2E4B51AD5340}.Debug|Any CPU.Build.0 = Debug|Any CPU
		{4BF7CAF5-DB17-45BD-B915-2E4B51AD5340}.Release|Any CPU.ActiveCfg = Release|Any CPU
		{4BF7CAF5-DB17-45BD-B915-2E4B51AD5340}.Release|Any CPU.Build.0 = Release|Any CPU
		{60968190-4E94-4B8D-97DD-28FC74030869}.Debug|Any CPU.ActiveCfg = Debug|Any CPU
		{60968190-4E94-4B8D-97DD-28FC74030869}.Debug|Any CPU.Build.0 = Debug|Any CPU
		{60968190-4E94-4B8D-97DD-28FC74030869}.Release|Any CPU.ActiveCfg = Release|Any CPU
		{60968190-4E94-4B8D-97DD-28FC74030869}.Release|Any CPU.Build.0 = Release|Any CPU
	EndGlobalSection
	GlobalSection(SolutionProperties) = preSolution
		HideSolutionNode = FALSE
	EndGlobalSection
	GlobalSection(ExtensibilityGlobals) = postSolution
		SolutionGuid = {69C62B3F-C46C-4DB0-9663-98C166CDF324}
	EndGlobalSection
EndGlobal
